// !$*UTF8*$!
{
	archiveVersion = 1;
	classes = {
	};
	objectVersion = 77;
	objects = {

/* Begin PBXContainerItemProxy section */
		1ADD41912E3BF36C00420A01 /* PBXContainerItemProxy */ = {
			isa = PBXContainerItemProxy;
			containerPortal = 1ADD417A2E3BF36B00420A01 /* Project object */;
			proxyType = 1;
			remoteGlobalIDString = 1ADD41812E3BF36B00420A01;
			remoteInfo = FullFocus;
		};
		1ADD419B2E3BF36C00420A01 /* PBXContainerItemProxy */ = {
			isa = PBXContainerItemProxy;
			containerPortal = 1ADD417A2E3BF36B00420A01 /* Project object */;
			proxyType = 1;
			remoteGlobalIDString = 1ADD41812E3BF36B00420A01;
			remoteInfo = FullFocus;
		};
/* End PBXContainerItemProxy section */

/* Begin PBXFileReference section */
		1ADD41822E3BF36B00420A01 /* FullFocus.app */ = {isa = PBXFileReference; explicitFileType = wrapper.application; includeInIndex = 0; path = FullFocus.app; sourceTree = BUILT_PRODUCTS_DIR; };
		1ADD41902E3BF36C00420A01 /* FullFocusTests.xctest */ = {isa = PBXFileReference; explicitFileType = wrapper.cfbundle; includeInIndex = 0; path = FullFocusTests.xctest; sourceTree = BUILT_PRODUCTS_DIR; };
		1ADD419A2E3BF36C00420A01 /* FullFocusUITests.xctest */ = {isa = PBXFileReference; explicitFileType = wrapper.cfbundle; includeInIndex = 0; path = FullFocusUITests.xctest; sourceTree = BUILT_PRODUCTS_DIR; };
/* End PBXFileReference section */

/* Begin PBXFileSystemSynchronizedBuildFileExceptionSet section */
		1ADD41AE2E3BF90800420A01 /* Exceptions for "FullFocus" folder in "FullFocus" target */ = {
			isa = PBXFileSystemSynchronizedBuildFileExceptionSet;
			membershipExceptions = (
				Info.plist,
			);
			target = 1ADD41812E3BF36B00420A01 /* FullFocus */;
		};
/* End PBXFileSystemSynchronizedBuildFileExceptionSet section */

/* Begin PBXFileSystemSynchronizedRootGroup section */
		1ADD41842E3BF36B00420A01 /* FullFocus */ = {
			isa = PBXFileSystemSynchronizedRootGroup;
			exceptions = (
				1ADD41AE2E3BF90800420A01 /* Exceptions for "FullFocus" folder in "FullFocus" target */,
			);
			path = FullFocus;
			sourceTree = "<group>";
		};
		1ADD41932E3BF36C00420A01 /* FullFocusTests */ = {
			isa = PBXFileSystemSynchronizedRootGroup;
			path = FullFocusTests;
			sourceTree = "<group>";
		};
		1ADD419D2E3BF36C00420A01 /* FullFocusUITests */ = {
			isa = PBXFileSystemSynchronizedRootGroup;
			path = FullFocusUITests;
			sourceTree = "<group>";
		};
/* End PBXFileSystemSynchronizedRootGroup section */

/* Begin PBXFrameworksBuildPhase section */
		1ADD417F2E3BF36B00420A01 /* Frameworks */ = {
			isa = PBXFrameworksBuildPhase;
			buildActionMask = 2147483647;
			files = (
			);
			runOnlyForDeploymentPostprocessing = 0;
		};
		1ADD418D2E3BF36C00420A01 /* Frameworks */ = {
			isa = PBXFrameworksBuildPhase;
			buildActionMask = 2147483647;
			files = (
			);
			runOnlyForDeploymentPostprocessing = 0;
		};
		1ADD41972E3BF36C00420A01 /* Frameworks */ = {
			isa = PBXFrameworksBuildPhase;
			buildActionMask = 2147483647;
			files = (
			);
			runOnlyForDeploymentPostprocessing = 0;
		};
/* End PBXFrameworksBuildPhase section */

/* Begin PBXGroup section */
		1ADD41792E3BF36B00420A01 = {
			isa = PBXGroup;
			children = (
				1ADD41842E3BF36B00420A01 /* FullFocus */,
				1ADD41932E3BF36C00420A01 /* FullFocusTests */,
				1ADD419D2E3BF36C00420A01 /* FullFocusUITests */,
				1ADD41832E3BF36B00420A01 /* Products */,
			);
			sourceTree = "<group>";
		};
		1ADD41832E3BF36B00420A01 /* Products */ = {
			isa = PBXGroup;
			children = (
				1ADD41822E3BF36B00420A01 /* FullFocus.app */,
				1ADD41902E3BF36C00420A01 /* FullFocusTests.xctest */,
				1ADD419A2E3BF36C00420A01 /* FullFocusUITests.xctest */,
			);
			name = Products;
			sourceTree = "<group>";
		};
/* End PBXGroup section */

/* Begin PBXNativeTarget section */
		1ADD41812E3BF36B00420A01 /* FullFocus */ = {
			isa = PBXNativeTarget;
			buildConfigurationList = 1ADD41A42E3BF36C00420A01 /* Build configuration list for PBXNativeTarget "FullFocus" */;
			buildPhases = (
				1ADD417E2E3BF36B00420A01 /* Sources */,
				1ADD417F2E3BF36B00420A01 /* Frameworks */,
				1ADD41802E3BF36B00420A01 /* Resources */,
			);
			buildRules = (
			);
			dependencies = (
			);
			fileSystemSynchronizedGroups = (
				1ADD41842E3BF36B00420A01 /* FullFocus */,
			);
			name = FullFocus;
			packageProductDependencies = (
			);
			productName = FullFocus;
			productReference = 1ADD41822E3BF36B00420A01 /* FullFocus.app */;
			productType = "com.apple.product-type.application";
		};
		1ADD418F2E3BF36C00420A01 /* FullFocusTests */ = {
			isa = PBXNativeTarget;
			buildConfigurationList = 1ADD41A72E3BF36C00420A01 /* Build configuration list for PBXNativeTarget "FullFocusTests" */;
			buildPhases = (
				1ADD418C2E3BF36C00420A01 /* Sources */,
				1ADD418D2E3BF36C00420A01 /* Frameworks */,
				1ADD418E2E3BF36C00420A01 /* Resources */,
			);
			buildRules = (
			);
			dependencies = (
				1ADD41922E3BF36C00420A01 /* PBXTargetDependency */,
			);
			fileSystemSynchronizedGroups = (
				1ADD41932E3BF36C00420A01 /* FullFocusTests */,
			);
			name = FullFocusTests;
			packageProductDependencies = (
			);
			productName = FullFocusTests;
			productReference = 1ADD41902E3BF36C00420A01 /* FullFocusTests.xctest */;
			productType = "com.apple.product-type.bundle.unit-test";
		};
		1ADD41992E3BF36C00420A01 /* FullFocusUITests */ = {
			isa = PBXNativeTarget;
			buildConfigurationList = 1ADD41AA2E3BF36C00420A01 /* Build configuration list for PBXNativeTarget "FullFocusUITests" */;
			buildPhases = (
				1ADD41962E3BF36C00420A01 /* Sources */,
				1ADD41972E3BF36C00420A01 /* Frameworks */,
				1ADD41982E3BF36C00420A01 /* Resources */,
			);
			buildRules = (
			);
			dependencies = (
				1ADD419C2E3BF36C00420A01 /* PBXTargetDependency */,
			);
			fileSystemSynchronizedGroups = (
				1ADD419D2E3BF36C00420A01 /* FullFocusUITests */,
			);
			name = FullFocusUITests;
			packageProductDependencies = (
			);
			productName = FullFocusUITests;
			productReference = 1ADD419A2E3BF36C00420A01 /* FullFocusUITests.xctest */;
			productType = "com.apple.product-type.bundle.ui-testing";
		};
/* End PBXNativeTarget section */

/* Begin PBXProject section */
		1ADD417A2E3BF36B00420A01 /* Project object */ = {
			isa = PBXProject;
			attributes = {
				BuildIndependentTargetsInParallel = 1;
				LastSwiftUpdateCheck = 1640;
				LastUpgradeCheck = 1640;
				TargetAttributes = {
					1ADD41812E3BF36B00420A01 = {
						CreatedOnToolsVersion = 16.4;
					};
					1ADD418F2E3BF36C00420A01 = {
						CreatedOnToolsVersion = 16.4;
						TestTargetID = 1ADD41812E3BF36B00420A01;
					};
					1ADD41992E3BF36C00420A01 = {
						CreatedOnToolsVersion = 16.4;
						TestTargetID = 1ADD41812E3BF36B00420A01;
					};
				};
			};
			buildConfigurationList = 1ADD417D2E3BF36B00420A01 /* Build configuration list for PBXProject "FullFocus" */;
			developmentRegion = en;
			hasScannedForEncodings = 0;
			knownRegions = (
				en,
				Base,
			);
			mainGroup = 1ADD41792E3BF36B00420A01;
			minimizedProjectReferenceProxies = 1;
			preferredProjectObjectVersion = 77;
			productRefGroup = 1ADD41832E3BF36B00420A01 /* Products */;
			projectDirPath = "";
			projectRoot = "";
			targets = (
				1ADD41812E3BF36B00420A01 /* FullFocus */,
				1ADD418F2E3BF36C00420A01 /* FullFocusTests */,
				1ADD41992E3BF36C00420A01 /* FullFocusUITests */,
			);
		};
/* End PBXProject section */

/* Begin PBXResourcesBuildPhase section */
		1ADD41802E3BF36B00420A01 /* Resources */ = {
			isa = PBXResourcesBuildPhase;
			buildActionMask = 2147483647;
			files = (
			);
			runOnlyForDeploymentPostprocessing = 0;
		};
		1ADD418E2E3BF36C00420A01 /* Resources */ = {
			isa = PBXResourcesBuildPhase;
			buildActionMask = 2147483647;
			files = (
			);
			runOnlyForDeploymentPostprocessing = 0;
		};
		1ADD41982E3BF36C00420A01 /* Resources */ = {
			isa = PBXResourcesBuildPhase;
			buildActionMask = 2147483647;
			files = (
			);
			runOnlyForDeploymentPostprocessing = 0;
		};
/* End PBXResourcesBuildPhase section */

/* Begin PBXSourcesBuildPhase section */
		1ADD417E2E3BF36B00420A01 /* Sources */ = {
			isa = PBXSourcesBuildPhase;
			buildActionMask = 2147483647;
			files = (
			);
			runOnlyForDeploymentPostprocessing = 0;
		};
		1ADD418C2E3BF36C00420A01 /* Sources */ = {
			isa = PBXSourcesBuildPhase;
			buildActionMask = 2147483647;
			files = (
			);
			runOnlyForDeploymentPostprocessing = 0;
		};
		1ADD41962E3BF36C00420A01 /* Sources */ = {
			isa = PBXSourcesBuildPhase;
			buildActionMask = 2147483647;
			files = (
			);
			runOnlyForDeploymentPostprocessing = 0;
		};
/* End PBXSourcesBuildPhase section */

/* Begin PBXTargetDependency section */
		1ADD41922E3BF36C00420A01 /* PBXTargetDependency */ = {
			isa = PBXTargetDependency;
			target = 1ADD41812E3BF36B00420A01 /* FullFocus */;
			targetProxy = 1ADD41912E3BF36C00420A01 /* PBXContainerItemProxy */;
		};
		1ADD419C2E3BF36C00420A01 /* PBXTargetDependency */ = {
			isa = PBXTargetDependency;
			target = 1ADD41812E3BF36B00420A01 /* FullFocus */;
			targetProxy = 1ADD419B2E3BF36C00420A01 /* PBXContainerItemProxy */;
		};
/* End PBXTargetDependency section */

/* Begin XCBuildConfiguration section */
		1ADD41A22E3BF36C00420A01 /* Debug */ = {
			isa = XCBuildConfiguration;
			buildSettings = {
				ALWAYS_SEARCH_USER_PATHS = NO;
				ASSETCATALOG_COMPILER_GENERATE_SWIFT_ASSET_SYMBOL_EXTENSIONS = YES;
				CLANG_ANALYZER_NONNULL = YES;
				CLANG_ANALYZER_NUMBER_OBJECT_CONVERSION = YES_AGGRESSIVE;
				CLANG_CXX_LANGUAGE_STANDARD = "gnu++20";
				CLANG_ENABLE_MODULES = YES;
				CLANG_ENABLE_OBJC_ARC = YES;
				CLANG_ENABLE_OBJC_WEAK = YES;
				CLANG_WARN_BLOCK_CAPTURE_AUTORELEASING = YES;
				CLANG_WARN_BOOL_CONVERSION = YES;
				CLANG_WARN_COMMA = YES;
				CLANG_WARN_CONSTANT_CONVERSION = YES;
				CLANG_WARN_DEPRECATED_OBJC_IMPLEMENTATIONS = YES;
				CLANG_WARN_DIRECT_OBJC_ISA_USAGE = YES_ERROR;
				CLANG_WARN_DOCUMENTATION_COMMENTS = YES;
				CLANG_WARN_EMPTY_BODY = YES;
				CLANG_WARN_ENUM_CONVERSION = YES;
				CLANG_WARN_INFINITE_RECURSION = YES;
				CLANG_WARN_INT_CONVERSION = YES;
				CLANG_WARN_NON_LITERAL_NULL_CONVERSION = YES;
				CLANG_WARN_OBJC_IMPLICIT_RETAIN_SELF = YES;
				CLANG_WARN_OBJC_LITERAL_CONVERSION = YES;
				CLANG_WARN_OBJC_ROOT_CLASS = YES_ERROR;
				CLANG_WARN_QUOTED_INCLUDE_IN_FRAMEWORK_HEADER = YES;
				CLANG_WARN_RANGE_LOOP_ANALYSIS = YES;
				CLANG_WARN_STRICT_PROTOTYPES = YES;
				CLANG_WARN_SUSPICIOUS_MOVE = YES;
				CLANG_WARN_UNGUARDED_AVAILABILITY = YES_AGGRESSIVE;
				CLANG_WARN_UNREACHABLE_CODE = YES;
				CLANG_WARN__DUPLICATE_METHOD_MATCH = YES;
				COPY_PHASE_STRIP = NO;
				DEBUG_INFORMATION_FORMAT = dwarf;
				DEVELOPMENT_TEAM = YE863P93HM;
				ENABLE_STRICT_OBJC_MSGSEND = YES;
				ENABLE_TESTABILITY = YES;
				ENABLE_USER_SCRIPT_SANDBOXING = YES;
				GCC_C_LANGUAGE_STANDARD = gnu17;
				GCC_DYNAMIC_NO_PIC = NO;
				GCC_NO_COMMON_BLOCKS = YES;
				GCC_OPTIMIZATION_LEVEL = 0;
				GCC_PREPROCESSOR_DEFINITIONS = (
					"DEBUG=1",
					"$(inherited)",
				);
				GCC_WARN_64_TO_32_BIT_CONVERSION = YES;
				GCC_WARN_ABOUT_RETURN_TYPE = YES_ERROR;
				GCC_WARN_UNDECLARED_SELECTOR = YES;
				GCC_WARN_UNINITIALIZED_AUTOS = YES_AGGRESSIVE;
				GCC_WARN_UNUSED_FUNCTION = YES;
				GCC_WARN_UNUSED_VARIABLE = YES;
				LOCALIZATION_PREFERS_STRING_CATALOGS = YES;
				MACOSX_DEPLOYMENT_TARGET = 15.5;
				MTL_ENABLE_DEBUG_INFO = INCLUDE_SOURCE;
				MTL_FAST_MATH = YES;
				ONLY_ACTIVE_ARCH = YES;
				SDKROOT = macosx;
				SWIFT_ACTIVE_COMPILATION_CONDITIONS = "DEBUG $(inherited)";
				SWIFT_OPTIMIZATION_LEVEL = "-Onone";
			};
			name = Debug;
		};
		1ADD41A32E3BF36C00420A01 /* Release */ = {
			isa = XCBuildConfiguration;
			buildSettings = {
				ALWAYS_SEARCH_USER_PATHS = NO;
				ASSETCATALOG_COMPILER_GENERATE_SWIFT_ASSET_SYMBOL_EXTENSIONS = YES;
				CLANG_ANALYZER_NONNULL = YES;
				CLANG_ANALYZER_NUMBER_OBJECT_CONVERSION = YES_AGGRESSIVE;
				CLANG_CXX_LANGUAGE_STANDARD = "gnu++20";
				CLANG_ENABLE_MODULES = YES;
				CLANG_ENABLE_OBJC_ARC = YES;
				CLANG_ENABLE_OBJC_WEAK = YES;
				CLANG_WARN_BLOCK_CAPTURE_AUTORELEASING = YES;
				CLANG_WARN_BOOL_CONVERSION = YES;
				CLANG_WARN_COMMA = YES;
				CLANG_WARN_CONSTANT_CONVERSION = YES;
				CLANG_WARN_DEPRECATED_OBJC_IMPLEMENTATIONS = YES;
				CLANG_WARN_DIRECT_OBJC_ISA_USAGE = YES_ERROR;
				CLANG_WARN_DOCUMENTATION_COMMENTS = YES;
				CLANG_WARN_EMPTY_BODY = YES;
				CLANG_WARN_ENUM_CONVERSION = YES;
				CLANG_WARN_INFINITE_RECURSION = YES;
				CLANG_WARN_INT_CONVERSION = YES;
				CLANG_WARN_NON_LITERAL_NULL_CONVERSION = YES;
				CLANG_WARN_OBJC_IMPLICIT_RETAIN_SELF = YES;
				CLANG_WARN_OBJC_LITERAL_CONVERSION = YES;
				CLANG_WARN_OBJC_ROOT_CLASS = YES_ERROR;
				CLANG_WARN_QUOTED_INCLUDE_IN_FRAMEWORK_HEADER = YES;
				CLANG_WARN_RANGE_LOOP_ANALYSIS = YES;
				CLANG_WARN_STRICT_PROTOTYPES = YES;
				CLANG_WARN_SUSPICIOUS_MOVE = YES;
				CLANG_WARN_UNGUARDED_AVAILABILITY = YES_AGGRESSIVE;
				CLANG_WARN_UNREACHABLE_CODE = YES;
				CLANG_WARN__DUPLICATE_METHOD_MATCH = YES;
				COPY_PHASE_STRIP = NO;
				DEBUG_INFORMATION_FORMAT = "dwarf-with-dsym";
				DEVELOPMENT_TEAM = YE863P93HM;
				ENABLE_NS_ASSERTIONS = NO;
				ENABLE_STRICT_OBJC_MSGSEND = YES;
				ENABLE_USER_SCRIPT_SANDBOXING = YES;
				GCC_C_LANGUAGE_STANDARD = gnu17;
				GCC_NO_COMMON_BLOCKS = YES;
				GCC_WARN_64_TO_32_BIT_CONVERSION = YES;
				GCC_WARN_ABOUT_RETURN_TYPE = YES_ERROR;
				GCC_WARN_UNDECLARED_SELECTOR = YES;
				GCC_WARN_UNINITIALIZED_AUTOS = YES_AGGRESSIVE;
				GCC_WARN_UNUSED_FUNCTION = YES;
				GCC_WARN_UNUSED_VARIABLE = YES;
				LOCALIZATION_PREFERS_STRING_CATALOGS = YES;
				MACOSX_DEPLOYMENT_TARGET = 15.5;
				MTL_ENABLE_DEBUG_INFO = NO;
				MTL_FAST_MATH = YES;
				SDKROOT = macosx;
				SWIFT_COMPILATION_MODE = wholemodule;
			};
			name = Release;
		};
		1ADD41A52E3BF36C00420A01 /* Debug */ = {
			isa = XCBuildConfiguration;
			buildSettings = {
				ASSETCATALOG_COMPILER_APPICON_NAME = AppIcon;
				ASSETCATALOG_COMPILER_GLOBAL_ACCENT_COLOR_NAME = AccentColor;
				ASSETCATALOG_COMPILER_INCLUDE_ALL_APPICON_ASSETS = YES;
				CODE_SIGN_ENTITLEMENTS = FullFocus/FullFocus.entitlements;
				CODE_SIGN_STYLE = Automatic;
				COMBINE_HIDPI_IMAGES = YES;
				CURRENT_PROJECT_VERSION = 1;
				DEVELOPMENT_TEAM = YE863P93HM;
				ENABLE_HARDENED_RUNTIME = YES;
				ENABLE_PREVIEWS = YES;
				GENERATE_INFOPLIST_FILE = YES;
				INFOPLIST_FILE = FullFocus/Info.plist;
				INFOPLIST_KEY_LSApplicationCategoryType = "public.app-category.productivity";
				INFOPLIST_KEY_LSUIElement = YES;
				INFOPLIST_KEY_NSHumanReadableCopyright = "";
				LD_RUNPATH_SEARCH_PATHS = (
					"$(inherited)",
					"@executable_path/../Frameworks",
				);
				MARKETING_VERSION = 1.0;
				PRODUCT_BUNDLE_IDENTIFIER = lachlanphilipson.FullFocus;
				PRODUCT_NAME = "$(TARGET_NAME)";
				REGISTER_APP_GROUPS = YES;
				SWIFT_EMIT_LOC_STRINGS = YES;
				SWIFT_VERSION = 5.0;
			};
			name = Debug;
		};
		1ADD41A62E3BF36C00420A01 /* Release */ = {
			isa = XCBuildConfiguration;
			buildSettings = {
				ASSETCATALOG_COMPILER_APPICON_NAME = AppIcon;
				ASSETCATALOG_COMPILER_GLOBAL_ACCENT_COLOR_NAME = AccentColor;
				ASSETCATALOG_COMPILER_INCLUDE_ALL_APPICON_ASSETS = YES;
				CODE_SIGN_ENTITLEMENTS = FullFocus/FullFocus.entitlements;
				CODE_SIGN_STYLE = Automatic;
				COMBINE_HIDPI_IMAGES = YES;
				CURRENT_PROJECT_VERSION = 1;
				DEVELOPMENT_TEAM = YE863P93HM;
				ENABLE_HARDENED_RUNTIME = YES;
				ENABLE_PREVIEWS = YES;
				GENERATE_INFOPLIST_FILE = YES;
				INFOPLIST_FILE = FullFocus/Info.plist;
				INFOPLIST_KEY_LSApplicationCategoryType = "public.app-category.productivity";
				INFOPLIST_KEY_LSUIElement = YES;
				INFOPLIST_KEY_NSHumanReadableCopyright = "";
				LD_RUNPATH_SEARCH_PATHS = (
					"$(inherited)",
					"@executable_path/../Frameworks",
				);
				MARKETING_VERSION = 1.0;
				PRODUCT_BUNDLE_IDENTIFIER = lachlanphilipson.FullFocus;
				PRODUCT_NAME = "$(TARGET_NAME)";
				REGISTER_APP_GROUPS = YES;
				SWIFT_EMIT_LOC_STRINGS = YES;
				SWIFT_VERSION = 5.0;
			};
			name = Release;
		};
		1ADD41A82E3BF36C00420A01 /* Debug */ = {
			isa = XCBuildConfiguration;
			buildSettings = {
				BUNDLE_LOADER = "$(TEST_HOST)";
				CODE_SIGN_STYLE = Automatic;
				CURRENT_PROJECT_VERSION = 1;
				DEVELOPMENT_TEAM = YE863P93HM;
				GENERATE_INFOPLIST_FILE = YES;
				MACOSX_DEPLOYMENT_TARGET = 15.5;
				MARKETING_VERSION = 1.0;
				PRODUCT_BUNDLE_IDENTIFIER = lachlanphilipson.FullFocusTests;
				PRODUCT_NAME = "$(TARGET_NAME)";
				SWIFT_EMIT_LOC_STRINGS = NO;
				SWIFT_VERSION = 5.0;
				TEST_HOST = "$(BUILT_PRODUCTS_DIR)/FullFocus.app/$(BUNDLE_EXECUTABLE_FOLDER_PATH)/FullFocus";
			};
			name = Debug;
		};
		1ADD41A92E3BF36C00420A01 /* Release */ = {
			isa = XCBuildConfiguration;
			buildSettings = {
				BUNDLE_LOADER = "$(TEST_HOST)";
				CODE_SIGN_STYLE = Automatic;
				CURRENT_PROJECT_VERSION = 1;
				DEVELOPMENT_TEAM = YE863P93HM;
				GENERATE_INFOPLIST_FILE = YES;
				MACOSX_DEPLOYMENT_TARGET = 15.5;
				MARKETING_VERSION = 1.0;
				PRODUCT_BUNDLE_IDENTIFIER = lachlanphilipson.FullFocusTests;
				PRODUCT_NAME = "$(TARGET_NAME)";
				SWIFT_EMIT_LOC_STRINGS = NO;
				SWIFT_VERSION = 5.0;
				TEST_HOST = "$(BUILT_PRODUCTS_DIR)/FullFocus.app/$(BUNDLE_EXECUTABLE_FOLDER_PATH)/FullFocus";
			};
			name = Release;
		};
		1ADD41AB2E3BF36C00420A01 /* Debug */ = {
			isa = XCBuildConfiguration;
			buildSettings = {
				CODE_SIGN_STYLE = Automatic;
				CURRENT_PROJECT_VERSION = 1;
				DEVELOPMENT_TEAM = YE863P93HM;
				GENERATE_INFOPLIST_FILE = YES;
				MARKETING_VERSION = 1.0;
				PRODUCT_BUNDLE_IDENTIFIER = lachlanphilipson.FullFocusUITests;
				PRODUCT_NAME = "$(TARGET_NAME)";
				SWIFT_EMIT_LOC_STRINGS = NO;
				SWIFT_VERSION = 5.0;
				TEST_TARGET_NAME = FullFocus;
			};
			name = Debug;
		};
		1ADD41AC2E3BF36C00420A01 /* Release */ = {
			isa = XCBuildConfiguration;
			buildSettings = {
				CODE_SIGN_STYLE = Automatic;
				CURRENT_PROJECT_VERSION = 1;
				DEVELOPMENT_TEAM = YE863P93HM;
				GENERATE_INFOPLIST_FILE = YES;
				MARKETING_VERSION = 1.0;
				PRODUCT_BUNDLE_IDENTIFIER = lachlanphilipson.FullFocusUITests;
				PRODUCT_NAME = "$(TARGET_NAME)";
				SWIFT_EMIT_LOC_STRINGS = NO;
				SWIFT_VERSION = 5.0;
				TEST_TARGET_NAME = FullFocus;
			};
			name = Release;
		};
/* End XCBuildConfiguration section */

/* Begin XCConfigurationList section */
		1ADD417D2E3BF36B00420A01 /* Build configuration list for PBXProject "FullFocus" */ = {
			isa = XCConfigurationList;
			buildConfigurations = (
				1ADD41A22E3BF36C00420A01 /* Debug */,
				1ADD41A32E3BF36C00420A01 /* Release */,
			);
			defaultConfigurationIsVisible = 0;
			defaultConfigurationName = Release;
		};
		1ADD41A42E3BF36C00420A01 /* Build configuration list for PBXNativeTarget "FullFocus" */ = {
			isa = XCConfigurationList;
			buildConfigurations = (
				1ADD41A52E3BF36C00420A01 /* Debug */,
				1ADD41A62E3BF36C00420A01 /* Release */,
			);
			defaultConfigurationIsVisible = 0;
			defaultConfigurationName = Release;
		};
		1ADD41A72E3BF36C00420A01 /* Build configuration list for PBXNativeTarget "FullFocusTests" */ = {
			isa = XCConfigurationList;
			buildConfigurations = (
				1ADD41A82E3BF36C00420A01 /* Debug */,
				1ADD41A92E3BF36C00420A01 /* Release */,
			);
			defaultConfigurationIsVisible = 0;
			defaultConfigurationName = Release;
		};
		1ADD41AA2E3BF36C00420A01 /* Build configuration list for PBXNativeTarget "FullFocusUITests" */ = {
			isa = XCConfigurationList;
			buildConfigurations = (
				1ADD41AB2E3BF36C00420A01 /* Debug */,
				1ADD41AC2E3BF36C00420A01 /* Release */,
			);
			defaultConfigurationIsVisible = 0;
			defaultConfigurationName = Release;
		};
/* End XCConfigurationList section */
	};
	rootObject = 1ADD417A2E3BF36B00420A01 /* Project object */;
}
